// !$*UTF8*$!
{
	archiveVersion = 1;
	classes = {
	};
	objectVersion = 50;
	objects = {

/* Begin PBXBuildFile section */
		F2D4AFF0254160D400839D75 /* PictureCell.swift in Sources */ = {isa = PBXBuildFile; fileRef = F2D4AFEF254160D400839D75 /* PictureCell.swift */; };
		F2D4AFF52541615D00839D75 /* PictureImageView.swift in Sources */ = {isa = PBXBuildFile; fileRef = F2D4AFF42541615D00839D75 /* PictureImageView.swift */; };
		F2D4AFFA2541645B00839D75 /* PictureTitleLabel.swift in Sources */ = {isa = PBXBuildFile; fileRef = F2D4AFF92541645B00839D75 /* PictureTitleLabel.swift */; };
		F2F5C6FF2540928500044ED2 /* AppDelegate.swift in Sources */ = {isa = PBXBuildFile; fileRef = F2F5C6FE2540928500044ED2 /* AppDelegate.swift */; };
		F2F5C7012540928500044ED2 /* SceneDelegate.swift in Sources */ = {isa = PBXBuildFile; fileRef = F2F5C7002540928500044ED2 /* SceneDelegate.swift */; };
		F2F5C7032540928500044ED2 /* ViewController.swift in Sources */ = {isa = PBXBuildFile; fileRef = F2F5C7022540928500044ED2 /* ViewController.swift */; };
		F2F5C7062540928500044ED2 /* Main.storyboard in Resources */ = {isa = PBXBuildFile; fileRef = F2F5C7042540928500044ED2 /* Main.storyboard */; };
		F2F5C7092540928500044ED2 /* Pics_Gallery.xcdatamodeld in Sources */ = {isa = PBXBuildFile; fileRef = F2F5C7072540928500044ED2 /* Pics_Gallery.xcdatamodeld */; };
		F2F5C70B2540928800044ED2 /* Assets.xcassets in Resources */ = {isa = PBXBuildFile; fileRef = F2F5C70A2540928800044ED2 /* Assets.xcassets */; };
		F2F5C70E2540928800044ED2 /* LaunchScreen.storyboard in Resources */ = {isa = PBXBuildFile; fileRef = F2F5C70C2540928800044ED2 /* LaunchScreen.storyboard */; };
		F2F5C7192540928900044ED2 /* Pics_GalleryTests.swift in Sources */ = {isa = PBXBuildFile; fileRef = F2F5C7182540928900044ED2 /* Pics_GalleryTests.swift */; };
		F2F5C7242540928900044ED2 /* Pics_GalleryUITests.swift in Sources */ = {isa = PBXBuildFile; fileRef = F2F5C7232540928900044ED2 /* Pics_GalleryUITests.swift */; };
		F2F5C73625409C6000044ED2 /* Picture.swift in Sources */ = {isa = PBXBuildFile; fileRef = F2F5C73525409C6000044ED2 /* Picture.swift */; };
		F2F5C73F2540A25200044ED2 /* NetworkManager.swift in Sources */ = {isa = PBXBuildFile; fileRef = F2F5C73E2540A25200044ED2 /* NetworkManager.swift */; };
		F2F5C7452540BAB400044ED2 /* ErrorMessage.swift in Sources */ = {isa = PBXBuildFile; fileRef = F2F5C7442540BAB400044ED2 /* ErrorMessage.swift */; };
/* End PBXBuildFile section */

/* Begin PBXContainerItemProxy section */
		F2F5C7152540928900044ED2 /* PBXContainerItemProxy */ = {
			isa = PBXContainerItemProxy;
			containerPortal = F2F5C6F32540928500044ED2 /* Project object */;
			proxyType = 1;
			remoteGlobalIDString = F2F5C6FA2540928500044ED2;
			remoteInfo = "Pics Gallery";
		};
		F2F5C7202540928900044ED2 /* PBXContainerItemProxy */ = {
			isa = PBXContainerItemProxy;
			containerPortal = F2F5C6F32540928500044ED2 /* Project object */;
			proxyType = 1;
			remoteGlobalIDString = F2F5C6FA2540928500044ED2;
			remoteInfo = "Pics Gallery";
		};
/* End PBXContainerItemProxy section */

/* Begin PBXFileReference section */
		F2D4AFEF254160D400839D75 /* PictureCell.swift */ = {isa = PBXFileReference; lastKnownFileType = sourcecode.swift; path = PictureCell.swift; sourceTree = "<group>"; };
		F2D4AFF42541615D00839D75 /* PictureImageView.swift */ = {isa = PBXFileReference; lastKnownFileType = sourcecode.swift; path = PictureImageView.swift; sourceTree = "<group>"; };
		F2D4AFF92541645B00839D75 /* PictureTitleLabel.swift */ = {isa = PBXFileReference; lastKnownFileType = sourcecode.swift; path = PictureTitleLabel.swift; sourceTree = "<group>"; };
		F2F5C6FB2540928500044ED2 /* Pics Gallery.app */ = {isa = PBXFileReference; explicitFileType = wrapper.application; includeInIndex = 0; path = "Pics Gallery.app"; sourceTree = BUILT_PRODUCTS_DIR; };
		F2F5C6FE2540928500044ED2 /* AppDelegate.swift */ = {isa = PBXFileReference; lastKnownFileType = sourcecode.swift; path = AppDelegate.swift; sourceTree = "<group>"; };
		F2F5C7002540928500044ED2 /* SceneDelegate.swift */ = {isa = PBXFileReference; lastKnownFileType = sourcecode.swift; path = SceneDelegate.swift; sourceTree = "<group>"; };
		F2F5C7022540928500044ED2 /* ViewController.swift */ = {isa = PBXFileReference; lastKnownFileType = sourcecode.swift; path = ViewController.swift; sourceTree = "<group>"; };
		F2F5C7052540928500044ED2 /* Base */ = {isa = PBXFileReference; lastKnownFileType = file.storyboard; name = Base; path = Base.lproj/Main.storyboard; sourceTree = "<group>"; };
		F2F5C7082540928500044ED2 /* Pics_Gallery.xcdatamodel */ = {isa = PBXFileReference; lastKnownFileType = wrapper.xcdatamodel; path = Pics_Gallery.xcdatamodel; sourceTree = "<group>"; };
		F2F5C70A2540928800044ED2 /* Assets.xcassets */ = {isa = PBXFileReference; lastKnownFileType = folder.assetcatalog; path = Assets.xcassets; sourceTree = "<group>"; };
		F2F5C70D2540928800044ED2 /* Base */ = {isa = PBXFileReference; lastKnownFileType = file.storyboard; name = Base; path = Base.lproj/LaunchScreen.storyboard; sourceTree = "<group>"; };
		F2F5C70F2540928800044ED2 /* Info.plist */ = {isa = PBXFileReference; lastKnownFileType = text.plist.xml; path = Info.plist; sourceTree = "<group>"; };
		F2F5C7142540928900044ED2 /* Pics GalleryTests.xctest */ = {isa = PBXFileReference; explicitFileType = wrapper.cfbundle; includeInIndex = 0; path = "Pics GalleryTests.xctest"; sourceTree = BUILT_PRODUCTS_DIR; };
		F2F5C7182540928900044ED2 /* Pics_GalleryTests.swift */ = {isa = PBXFileReference; lastKnownFileType = sourcecode.swift; path = Pics_GalleryTests.swift; sourceTree = "<group>"; };
		F2F5C71A2540928900044ED2 /* Info.plist */ = {isa = PBXFileReference; lastKnownFileType = text.plist.xml; path = Info.plist; sourceTree = "<group>"; };
		F2F5C71F2540928900044ED2 /* Pics GalleryUITests.xctest */ = {isa = PBXFileReference; explicitFileType = wrapper.cfbundle; includeInIndex = 0; path = "Pics GalleryUITests.xctest"; sourceTree = BUILT_PRODUCTS_DIR; };
		F2F5C7232540928900044ED2 /* Pics_GalleryUITests.swift */ = {isa = PBXFileReference; lastKnownFileType = sourcecode.swift; path = Pics_GalleryUITests.swift; sourceTree = "<group>"; };
		F2F5C7252540928900044ED2 /* Info.plist */ = {isa = PBXFileReference; lastKnownFileType = text.plist.xml; path = Info.plist; sourceTree = "<group>"; };
		F2F5C73525409C6000044ED2 /* Picture.swift */ = {isa = PBXFileReference; lastKnownFileType = sourcecode.swift; path = Picture.swift; sourceTree = "<group>"; };
		F2F5C73E2540A25200044ED2 /* NetworkManager.swift */ = {isa = PBXFileReference; lastKnownFileType = sourcecode.swift; path = NetworkManager.swift; sourceTree = "<group>"; };
		F2F5C7442540BAB400044ED2 /* ErrorMessage.swift */ = {isa = PBXFileReference; lastKnownFileType = sourcecode.swift; path = ErrorMessage.swift; sourceTree = "<group>"; };
/* End PBXFileReference section */

/* Begin PBXFrameworksBuildPhase section */
		F2F5C6F82540928500044ED2 /* Frameworks */ = {
			isa = PBXFrameworksBuildPhase;
			buildActionMask = 2147483647;
			files = (
			);
			runOnlyForDeploymentPostprocessing = 0;
		};
		F2F5C7112540928900044ED2 /* Frameworks */ = {
			isa = PBXFrameworksBuildPhase;
			buildActionMask = 2147483647;
			files = (
			);
			runOnlyForDeploymentPostprocessing = 0;
		};
		F2F5C71C2540928900044ED2 /* Frameworks */ = {
			isa = PBXFrameworksBuildPhase;
			buildActionMask = 2147483647;
			files = (
			);
			runOnlyForDeploymentPostprocessing = 0;
		};
/* End PBXFrameworksBuildPhase section */

/* Begin PBXGroup section */
		F2D4AFEE2541609200839D75 /* Views */ = {
			isa = PBXGroup;
			children = (
				F2D4AFFF25416AA800839D75 /* ViewControllers */,
				F2D4AFEF254160D400839D75 /* PictureCell.swift */,
				F2D4AFF42541615D00839D75 /* PictureImageView.swift */,
				F2D4AFF92541645B00839D75 /* PictureTitleLabel.swift */,
			);
			path = Views;
			sourceTree = "<group>";
		};
		F2D4AFFE25416A9600839D75 /* Support */ = {
			isa = PBXGroup;
			children = (
				F2F5C6FE2540928500044ED2 /* AppDelegate.swift */,
				F2F5C7002540928500044ED2 /* SceneDelegate.swift */,
				F2F5C7042540928500044ED2 /* Main.storyboard */,
				F2F5C70A2540928800044ED2 /* Assets.xcassets */,
				F2F5C70C2540928800044ED2 /* LaunchScreen.storyboard */,
			);
			path = Support;
			sourceTree = "<group>";
		};
		F2D4AFFF25416AA800839D75 /* ViewControllers */ = {
			isa = PBXGroup;
			children = (
				F2F5C7022540928500044ED2 /* ViewController.swift */,
			);
			path = ViewControllers;
			sourceTree = "<group>";
		};
		F2F5C6F22540928500044ED2 = {
			isa = PBXGroup;
			children = (
				F2F5C6FD2540928500044ED2 /* Pics Gallery */,
				F2F5C7172540928900044ED2 /* Pics GalleryTests */,
				F2F5C7222540928900044ED2 /* Pics GalleryUITests */,
				F2F5C6FC2540928500044ED2 /* Products */,
			);
			sourceTree = "<group>";
		};
		F2F5C6FC2540928500044ED2 /* Products */ = {
			isa = PBXGroup;
			children = (
				F2F5C6FB2540928500044ED2 /* Pics Gallery.app */,
				F2F5C7142540928900044ED2 /* Pics GalleryTests.xctest */,
				F2F5C71F2540928900044ED2 /* Pics GalleryUITests.xctest */,
			);
			name = Products;
			sourceTree = "<group>";
		};
		F2F5C6FD2540928500044ED2 /* Pics Gallery */ = {
			isa = PBXGroup;
			children = (
				F2F5C73425409C4700044ED2 /* Model */,
				F2D4AFEE2541609200839D75 /* Views */,
				F2F5C73D2540A0B300044ED2 /* Managers */,
				F2F5C7432540BAA500044ED2 /* Utilities */,
				F2D4AFFE25416A9600839D75 /* Support */,
				F2F5C70F2540928800044ED2 /* Info.plist */,
				F2F5C7072540928500044ED2 /* Pics_Gallery.xcdatamodeld */,
			);
			path = "Pics Gallery";
			sourceTree = "<group>";
		};
		F2F5C7172540928900044ED2 /* Pics GalleryTests */ = {
			isa = PBXGroup;
			children = (
				F2F5C7182540928900044ED2 /* Pics_GalleryTests.swift */,
				F2F5C71A2540928900044ED2 /* Info.plist */,
			);
			path = "Pics GalleryTests";
			sourceTree = "<group>";
		};
		F2F5C7222540928900044ED2 /* Pics GalleryUITests */ = {
			isa = PBXGroup;
			children = (
				F2F5C7232540928900044ED2 /* Pics_GalleryUITests.swift */,
				F2F5C7252540928900044ED2 /* Info.plist */,
			);
			path = "Pics GalleryUITests";
			sourceTree = "<group>";
		};
		F2F5C73425409C4700044ED2 /* Model */ = {
			isa = PBXGroup;
			children = (
				F2F5C73525409C6000044ED2 /* Picture.swift */,
			);
			path = Model;
			sourceTree = "<group>";
		};
		F2F5C73D2540A0B300044ED2 /* Managers */ = {
			isa = PBXGroup;
			children = (
				F2F5C73E2540A25200044ED2 /* NetworkManager.swift */,
			);
			path = Managers;
			sourceTree = "<group>";
		};
		F2F5C7432540BAA500044ED2 /* Utilities */ = {
			isa = PBXGroup;
			children = (
				F2F5C7442540BAB400044ED2 /* ErrorMessage.swift */,
			);
			path = Utilities;
			sourceTree = "<group>";
		};
/* End PBXGroup section */

/* Begin PBXNativeTarget section */
		F2F5C6FA2540928500044ED2 /* Pics Gallery */ = {
			isa = PBXNativeTarget;
			buildConfigurationList = F2F5C7282540928900044ED2 /* Build configuration list for PBXNativeTarget "Pics Gallery" */;
			buildPhases = (
				F2F5C6F72540928500044ED2 /* Sources */,
				F2F5C6F82540928500044ED2 /* Frameworks */,
				F2F5C6F92540928500044ED2 /* Resources */,
			);
			buildRules = (
			);
			dependencies = (
			);
			name = "Pics Gallery";
			productName = "Pics Gallery";
			productReference = F2F5C6FB2540928500044ED2 /* Pics Gallery.app */;
			productType = "com.apple.product-type.application";
		};
		F2F5C7132540928900044ED2 /* Pics GalleryTests */ = {
			isa = PBXNativeTarget;
			buildConfigurationList = F2F5C72B2540928900044ED2 /* Build configuration list for PBXNativeTarget "Pics GalleryTests" */;
			buildPhases = (
				F2F5C7102540928900044ED2 /* Sources */,
				F2F5C7112540928900044ED2 /* Frameworks */,
				F2F5C7122540928900044ED2 /* Resources */,
			);
			buildRules = (
			);
			dependencies = (
				F2F5C7162540928900044ED2 /* PBXTargetDependency */,
			);
			name = "Pics GalleryTests";
			productName = "Pics GalleryTests";
			productReference = F2F5C7142540928900044ED2 /* Pics GalleryTests.xctest */;
			productType = "com.apple.product-type.bundle.unit-test";
		};
		F2F5C71E2540928900044ED2 /* Pics GalleryUITests */ = {
			isa = PBXNativeTarget;
			buildConfigurationList = F2F5C72E2540928900044ED2 /* Build configuration list for PBXNativeTarget "Pics GalleryUITests" */;
			buildPhases = (
				F2F5C71B2540928900044ED2 /* Sources */,
				F2F5C71C2540928900044ED2 /* Frameworks */,
				F2F5C71D2540928900044ED2 /* Resources */,
			);
			buildRules = (
			);
			dependencies = (
				F2F5C7212540928900044ED2 /* PBXTargetDependency */,
			);
			name = "Pics GalleryUITests";
			productName = "Pics GalleryUITests";
			productReference = F2F5C71F2540928900044ED2 /* Pics GalleryUITests.xctest */;
			productType = "com.apple.product-type.bundle.ui-testing";
		};
/* End PBXNativeTarget section */

/* Begin PBXProject section */
		F2F5C6F32540928500044ED2 /* Project object */ = {
			isa = PBXProject;
			attributes = {
				LastSwiftUpdateCheck = 1200;
				LastUpgradeCheck = 1200;
				TargetAttributes = {
					F2F5C6FA2540928500044ED2 = {
						CreatedOnToolsVersion = 12.0.1;
					};
					F2F5C7132540928900044ED2 = {
						CreatedOnToolsVersion = 12.0.1;
						TestTargetID = F2F5C6FA2540928500044ED2;
					};
					F2F5C71E2540928900044ED2 = {
						CreatedOnToolsVersion = 12.0.1;
						TestTargetID = F2F5C6FA2540928500044ED2;
					};
				};
			};
			buildConfigurationList = F2F5C6F62540928500044ED2 /* Build configuration list for PBXProject "Pics Gallery" */;
			compatibilityVersion = "Xcode 9.3";
			developmentRegion = en;
			hasScannedForEncodings = 0;
			knownRegions = (
				en,
				Base,
			);
			mainGroup = F2F5C6F22540928500044ED2;
			productRefGroup = F2F5C6FC2540928500044ED2 /* Products */;
			projectDirPath = "";
			projectRoot = "";
			targets = (
				F2F5C6FA2540928500044ED2 /* Pics Gallery */,
				F2F5C7132540928900044ED2 /* Pics GalleryTests */,
				F2F5C71E2540928900044ED2 /* Pics GalleryUITests */,
			);
		};
/* End PBXProject section */

/* Begin PBXResourcesBuildPhase section */
		F2F5C6F92540928500044ED2 /* Resources */ = {
			isa = PBXResourcesBuildPhase;
			buildActionMask = 2147483647;
			files = (
				F2F5C70E2540928800044ED2 /* LaunchScreen.storyboard in Resources */,
				F2F5C70B2540928800044ED2 /* Assets.xcassets in Resources */,
				F2F5C7062540928500044ED2 /* Main.storyboard in Resources */,
			);
			runOnlyForDeploymentPostprocessing = 0;
		};
		F2F5C7122540928900044ED2 /* Resources */ = {
			isa = PBXResourcesBuildPhase;
			buildActionMask = 2147483647;
			files = (
			);
			runOnlyForDeploymentPostprocessing = 0;
		};
		F2F5C71D2540928900044ED2 /* Resources */ = {
			isa = PBXResourcesBuildPhase;
			buildActionMask = 2147483647;
			files = (
			);
			runOnlyForDeploymentPostprocessing = 0;
		};
/* End PBXResourcesBuildPhase section */

/* Begin PBXSourcesBuildPhase section */
		F2F5C6F72540928500044ED2 /* Sources */ = {
			isa = PBXSourcesBuildPhase;
			buildActionMask = 2147483647;
			files = (
				F2D4AFFA2541645B00839D75 /* PictureTitleLabel.swift in Sources */,
				F2D4AFF0254160D400839D75 /* PictureCell.swift in Sources */,
				F2F5C73F2540A25200044ED2 /* NetworkManager.swift in Sources */,
				F2F5C7452540BAB400044ED2 /* ErrorMessage.swift in Sources */,
				F2F5C7032540928500044ED2 /* ViewController.swift in Sources */,
				F2F5C73625409C6000044ED2 /* Picture.swift in Sources */,
				F2D4AFF52541615D00839D75 /* PictureImageView.swift in Sources */,
				F2F5C6FF2540928500044ED2 /* AppDelegate.swift in Sources */,
				F2F5C7012540928500044ED2 /* SceneDelegate.swift in Sources */,
				F2F5C7092540928500044ED2 /* Pics_Gallery.xcdatamodeld in Sources */,
			);
			runOnlyForDeploymentPostprocessing = 0;
		};
		F2F5C7102540928900044ED2 /* Sources */ = {
			isa = PBXSourcesBuildPhase;
			buildActionMask = 2147483647;
			files = (
				F2F5C7192540928900044ED2 /* Pics_GalleryTests.swift in Sources */,
			);
			runOnlyForDeploymentPostprocessing = 0;
		};
		F2F5C71B2540928900044ED2 /* Sources */ = {
			isa = PBXSourcesBuildPhase;
			buildActionMask = 2147483647;
			files = (
				F2F5C7242540928900044ED2 /* Pics_GalleryUITests.swift in Sources */,
			);
			runOnlyForDeploymentPostprocessing = 0;
		};
/* End PBXSourcesBuildPhase section */

/* Begin PBXTargetDependency section */
		F2F5C7162540928900044ED2 /* PBXTargetDependency */ = {
			isa = PBXTargetDependency;
			target = F2F5C6FA2540928500044ED2 /* Pics Gallery */;
			targetProxy = F2F5C7152540928900044ED2 /* PBXContainerItemProxy */;
		};
		F2F5C7212540928900044ED2 /* PBXTargetDependency */ = {
			isa = PBXTargetDependency;
			target = F2F5C6FA2540928500044ED2 /* Pics Gallery */;
			targetProxy = F2F5C7202540928900044ED2 /* PBXContainerItemProxy */;
		};
/* End PBXTargetDependency section */

/* Begin PBXVariantGroup section */
		F2F5C7042540928500044ED2 /* Main.storyboard */ = {
			isa = PBXVariantGroup;
			children = (
				F2F5C7052540928500044ED2 /* Base */,
			);
			name = Main.storyboard;
			sourceTree = "<group>";
		};
		F2F5C70C2540928800044ED2 /* LaunchScreen.storyboard */ = {
			isa = PBXVariantGroup;
			children = (
				F2F5C70D2540928800044ED2 /* Base */,
			);
			name = LaunchScreen.storyboard;
			sourceTree = "<group>";
		};
/* End PBXVariantGroup section */

/* Begin XCBuildConfiguration section */
		F2F5C7262540928900044ED2 /* Debug */ = {
			isa = XCBuildConfiguration;
			buildSettings = {
				ALWAYS_SEARCH_USER_PATHS = NO;
				CLANG_ANALYZER_NONNULL = YES;
				CLANG_ANALYZER_NUMBER_OBJECT_CONVERSION = YES_AGGRESSIVE;
				CLANG_CXX_LANGUAGE_STANDARD = "gnu++14";
				CLANG_CXX_LIBRARY = "libc++";
				CLANG_ENABLE_MODULES = YES;
				CLANG_ENABLE_OBJC_ARC = YES;
				CLANG_ENABLE_OBJC_WEAK = YES;
				CLANG_WARN_BLOCK_CAPTURE_AUTORELEASING = YES;
				CLANG_WARN_BOOL_CONVERSION = YES;
				CLANG_WARN_COMMA = YES;
				CLANG_WARN_CONSTANT_CONVERSION = YES;
				CLANG_WARN_DEPRECATED_OBJC_IMPLEMENTATIONS = YES;
				CLANG_WARN_DIRECT_OBJC_ISA_USAGE = YES_ERROR;
				CLANG_WARN_DOCUMENTATION_COMMENTS = YES;
				CLANG_WARN_EMPTY_BODY = YES;
				CLANG_WARN_ENUM_CONVERSION = YES;
				CLANG_WARN_INFINITE_RECURSION = YES;
				CLANG_WARN_INT_CONVERSION = YES;
				CLANG_WARN_NON_LITERAL_NULL_CONVERSION = YES;
				CLANG_WARN_OBJC_IMPLICIT_RETAIN_SELF = YES;
				CLANG_WARN_OBJC_LITERAL_CONVERSION = YES;
				CLANG_WARN_OBJC_ROOT_CLASS = YES_ERROR;
				CLANG_WARN_QUOTED_INCLUDE_IN_FRAMEWORK_HEADER = YES;
				CLANG_WARN_RANGE_LOOP_ANALYSIS = YES;
				CLANG_WARN_STRICT_PROTOTYPES = YES;
				CLANG_WARN_SUSPICIOUS_MOVE = YES;
				CLANG_WARN_UNGUARDED_AVAILABILITY = YES_AGGRESSIVE;
				CLANG_WARN_UNREACHABLE_CODE = YES;
				CLANG_WARN__DUPLICATE_METHOD_MATCH = YES;
				COPY_PHASE_STRIP = NO;
				DEBUG_INFORMATION_FORMAT = dwarf;
				ENABLE_STRICT_OBJC_MSGSEND = YES;
				ENABLE_TESTABILITY = YES;
				GCC_C_LANGUAGE_STANDARD = gnu11;
				GCC_DYNAMIC_NO_PIC = NO;
				GCC_NO_COMMON_BLOCKS = YES;
				GCC_OPTIMIZATION_LEVEL = 0;
				GCC_PREPROCESSOR_DEFINITIONS = (
					"DEBUG=1",
					"$(inherited)",
				);
				GCC_WARN_64_TO_32_BIT_CONVERSION = YES;
				GCC_WARN_ABOUT_RETURN_TYPE = YES_ERROR;
				GCC_WARN_UNDECLARED_SELECTOR = YES;
				GCC_WARN_UNINITIALIZED_AUTOS = YES_AGGRESSIVE;
				GCC_WARN_UNUSED_FUNCTION = YES;
				GCC_WARN_UNUSED_VARIABLE = YES;
				IPHONEOS_DEPLOYMENT_TARGET = 14.0;
				MTL_ENABLE_DEBUG_INFO = INCLUDE_SOURCE;
				MTL_FAST_MATH = YES;
				ONLY_ACTIVE_ARCH = YES;
				SDKROOT = iphoneos;
				SWIFT_ACTIVE_COMPILATION_CONDITIONS = DEBUG;
				SWIFT_OPTIMIZATION_LEVEL = "-Onone";
			};
			name = Debug;
		};
		F2F5C7272540928900044ED2 /* Release */ = {
			isa = XCBuildConfiguration;
			buildSettings = {
				ALWAYS_SEARCH_USER_PATHS = NO;
				CLANG_ANALYZER_NONNULL = YES;
				CLANG_ANALYZER_NUMBER_OBJECT_CONVERSION = YES_AGGRESSIVE;
				CLANG_CXX_LANGUAGE_STANDARD = "gnu++14";
				CLANG_CXX_LIBRARY = "libc++";
				CLANG_ENABLE_MODULES = YES;
				CLANG_ENABLE_OBJC_ARC = YES;
				CLANG_ENABLE_OBJC_WEAK = YES;
				CLANG_WARN_BLOCK_CAPTURE_AUTORELEASING = YES;
				CLANG_WARN_BOOL_CONVERSION = YES;
				CLANG_WARN_COMMA = YES;
				CLANG_WARN_CONSTANT_CONVERSION = YES;
				CLANG_WARN_DEPRECATED_OBJC_IMPLEMENTATIONS = YES;
				CLANG_WARN_DIRECT_OBJC_ISA_USAGE = YES_ERROR;
				CLANG_WARN_DOCUMENTATION_COMMENTS = YES;
				CLANG_WARN_EMPTY_BODY = YES;
				CLANG_WARN_ENUM_CONVERSION = YES;
				CLANG_WARN_INFINITE_RECURSION = YES;
				CLANG_WARN_INT_CONVERSION = YES;
				CLANG_WARN_NON_LITERAL_NULL_CONVERSION = YES;
				CLANG_WARN_OBJC_IMPLICIT_RETAIN_SELF = YES;
				CLANG_WARN_OBJC_LITERAL_CONVERSION = YES;
				CLANG_WARN_OBJC_ROOT_CLASS = YES_ERROR;
				CLANG_WARN_QUOTED_INCLUDE_IN_FRAMEWORK_HEADER = YES;
				CLANG_WARN_RANGE_LOOP_ANALYSIS = YES;
				CLANG_WARN_STRICT_PROTOTYPES = YES;
				CLANG_WARN_SUSPICIOUS_MOVE = YES;
				CLANG_WARN_UNGUARDED_AVAILABILITY = YES_AGGRESSIVE;
				CLANG_WARN_UNREACHABLE_CODE = YES;
				CLANG_WARN__DUPLICATE_METHOD_MATCH = YES;
				COPY_PHASE_STRIP = NO;
				DEBUG_INFORMATION_FORMAT = "dwarf-with-dsym";
				ENABLE_NS_ASSERTIONS = NO;
				ENABLE_STRICT_OBJC_MSGSEND = YES;
				GCC_C_LANGUAGE_STANDARD = gnu11;
				GCC_NO_COMMON_BLOCKS = YES;
				GCC_WARN_64_TO_32_BIT_CONVERSION = YES;
				GCC_WARN_ABOUT_RETURN_TYPE = YES_ERROR;
				GCC_WARN_UNDECLARED_SELECTOR = YES;
				GCC_WARN_UNINITIALIZED_AUTOS = YES_AGGRESSIVE;
				GCC_WARN_UNUSED_FUNCTION = YES;
				GCC_WARN_UNUSED_VARIABLE = YES;
				IPHONEOS_DEPLOYMENT_TARGET = 14.0;
				MTL_ENABLE_DEBUG_INFO = NO;
				MTL_FAST_MATH = YES;
				SDKROOT = iphoneos;
				SWIFT_COMPILATION_MODE = wholemodule;
				SWIFT_OPTIMIZATION_LEVEL = "-O";
				VALIDATE_PRODUCT = YES;
			};
			name = Release;
		};
		F2F5C7292540928900044ED2 /* Debug */ = {
			isa = XCBuildConfiguration;
			buildSettings = {
				ASSETCATALOG_COMPILER_APPICON_NAME = AppIcon;
				ASSETCATALOG_COMPILER_GLOBAL_ACCENT_COLOR_NAME = AccentColor;
				CODE_SIGN_STYLE = Automatic;
				DEVELOPMENT_TEAM = W8TGMVMJ59;
				INFOPLIST_FILE = "Pics Gallery/Info.plist";
				LD_RUNPATH_SEARCH_PATHS = (
					"$(inherited)",
					"@executable_path/Frameworks",
				);
				PRODUCT_BUNDLE_IDENTIFIER = "com.leonidkuznetsov.Pics-Gallery";
				PRODUCT_NAME = "$(TARGET_NAME)";
				SWIFT_VERSION = 5.0;
				TARGETED_DEVICE_FAMILY = 1;
			};
			name = Debug;
		};
		F2F5C72A2540928900044ED2 /* Release */ = {
			isa = XCBuildConfiguration;
			buildSettings = {
				ASSETCATALOG_COMPILER_APPICON_NAME = AppIcon;
				ASSETCATALOG_COMPILER_GLOBAL_ACCENT_COLOR_NAME = AccentColor;
				CODE_SIGN_STYLE = Automatic;
				DEVELOPMENT_TEAM = W8TGMVMJ59;
				INFOPLIST_FILE = "Pics Gallery/Info.plist";
				LD_RUNPATH_SEARCH_PATHS = (
					"$(inherited)",
					"@executable_path/Frameworks",
				);
				PRODUCT_BUNDLE_IDENTIFIER = "com.leonidkuznetsov.Pics-Gallery";
				PRODUCT_NAME = "$(TARGET_NAME)";
				SWIFT_VERSION = 5.0;
				TARGETED_DEVICE_FAMILY = 1;
			};
			name = Release;
		};
		F2F5C72C2540928900044ED2 /* Debug */ = {
			isa = XCBuildConfiguration;
			buildSettings = {
				ALWAYS_EMBED_SWIFT_STANDARD_LIBRARIES = YES;
				BUNDLE_LOADER = "$(TEST_HOST)";
				CODE_SIGN_STYLE = Automatic;
				DEVELOPMENT_TEAM = W8TGMVMJ59;
				INFOPLIST_FILE = "Pics GalleryTests/Info.plist";
				IPHONEOS_DEPLOYMENT_TARGET = 14.0;
				LD_RUNPATH_SEARCH_PATHS = (
					"$(inherited)",
					"@executable_path/Frameworks",
					"@loader_path/Frameworks",
				);
				PRODUCT_BUNDLE_IDENTIFIER = "com.leonidkuznetsov.Pics-GalleryTests";
				PRODUCT_NAME = "$(TARGET_NAME)";
				SWIFT_VERSION = 5.0;
				TARGETED_DEVICE_FAMILY = "1,2";
				TEST_HOST = "$(BUILT_PRODUCTS_DIR)/Pics Gallery.app/Pics Gallery";
			};
			name = Debug;
		};
		F2F5C72D2540928900044ED2 /* Release */ = {
			isa = XCBuildConfiguration;
			buildSettings = {
				ALWAYS_EMBED_SWIFT_STANDARD_LIBRARIES = YES;
				BUNDLE_LOADER = "$(TEST_HOST)";
				CODE_SIGN_STYLE = Automatic;
				DEVELOPMENT_TEAM = W8TGMVMJ59;
				INFOPLIST_FILE = "Pics GalleryTests/Info.plist";
				IPHONEOS_DEPLOYMENT_TARGET = 14.0;
				LD_RUNPATH_SEARCH_PATHS = (
					"$(inherited)",
					"@executable_path/Frameworks",
					"@loader_path/Frameworks",
				);
				PRODUCT_BUNDLE_IDENTIFIER = "com.leonidkuznetsov.Pics-GalleryTests";
				PRODUCT_NAME = "$(TARGET_NAME)";
				SWIFT_VERSION = 5.0;
				TARGETED_DEVICE_FAMILY = "1,2";
				TEST_HOST = "$(BUILT_PRODUCTS_DIR)/Pics Gallery.app/Pics Gallery";
			};
			name = Release;
		};
		F2F5C72F2540928900044ED2 /* Debug */ = {
			isa = XCBuildConfiguration;
			buildSettings = {
				ALWAYS_EMBED_SWIFT_STANDARD_LIBRARIES = YES;
				CODE_SIGN_STYLE = Automatic;
				DEVELOPMENT_TEAM = W8TGMVMJ59;
				INFOPLIST_FILE = "Pics GalleryUITests/Info.plist";
				LD_RUNPATH_SEARCH_PATHS = (
					"$(inherited)",
					"@executable_path/Frameworks",
					"@loader_path/Frameworks",
				);
				PRODUCT_BUNDLE_IDENTIFIER = "com.leonidkuznetsov.Pics-GalleryUITests";
				PRODUCT_NAME = "$(TARGET_NAME)";
				SWIFT_VERSION = 5.0;
				TARGETED_DEVICE_FAMILY = "1,2";
				TEST_TARGET_NAME = "Pics Gallery";
			};
			name = Debug;
		};
		F2F5C7302540928900044ED2 /* Release */ = {
			isa = XCBuildConfiguration;
			buildSettings = {
				ALWAYS_EMBED_SWIFT_STANDARD_LIBRARIES = YES;
				CODE_SIGN_STYLE = Automatic;
				DEVELOPMENT_TEAM = W8TGMVMJ59;
				INFOPLIST_FILE = "Pics GalleryUITests/Info.plist";
				LD_RUNPATH_SEARCH_PATHS = (
					"$(inherited)",
					"@executable_path/Frameworks",
					"@loader_path/Frameworks",
				);
				PRODUCT_BUNDLE_IDENTIFIER = "com.leonidkuznetsov.Pics-GalleryUITests";
				PRODUCT_NAME = "$(TARGET_NAME)";
				SWIFT_VERSION = 5.0;
				TARGETED_DEVICE_FAMILY = "1,2";
				TEST_TARGET_NAME = "Pics Gallery";
			};
			name = Release;
		};
/* End XCBuildConfiguration section */

/* Begin XCConfigurationList section */
		F2F5C6F62540928500044ED2 /* Build configuration list for PBXProject "Pics Gallery" */ = {
			isa = XCConfigurationList;
			buildConfigurations = (
				F2F5C7262540928900044ED2 /* Debug */,
				F2F5C7272540928900044ED2 /* Release */,
			);
			defaultConfigurationIsVisible = 0;
			defaultConfigurationName = Release;
		};
		F2F5C7282540928900044ED2 /* Build configuration list for PBXNativeTarget "Pics Gallery" */ = {
			isa = XCConfigurationList;
			buildConfigurations = (
				F2F5C7292540928900044ED2 /* Debug */,
				F2F5C72A2540928900044ED2 /* Release */,
			);
			defaultConfigurationIsVisible = 0;
			defaultConfigurationName = Release;
		};
		F2F5C72B2540928900044ED2 /* Build configuration list for PBXNativeTarget "Pics GalleryTests" */ = {
			isa = XCConfigurationList;
			buildConfigurations = (
				F2F5C72C2540928900044ED2 /* Debug */,
				F2F5C72D2540928900044ED2 /* Release */,
			);
			defaultConfigurationIsVisible = 0;
			defaultConfigurationName = Release;
		};
		F2F5C72E2540928900044ED2 /* Build configuration list for PBXNativeTarget "Pics GalleryUITests" */ = {
			isa = XCConfigurationList;
			buildConfigurations = (
				F2F5C72F2540928900044ED2 /* Debug */,
				F2F5C7302540928900044ED2 /* Release */,
			);
			defaultConfigurationIsVisible = 0;
			defaultConfigurationName = Release;
		};
/* End XCConfigurationList section */

/* Begin XCVersionGroup section */
		F2F5C7072540928500044ED2 /* Pics_Gallery.xcdatamodeld */ = {
			isa = XCVersionGroup;
			children = (
				F2F5C7082540928500044ED2 /* Pics_Gallery.xcdatamodel */,
			);
			currentVersion = F2F5C7082540928500044ED2 /* Pics_Gallery.xcdatamodel */;
			path = Pics_Gallery.xcdatamodeld;
			sourceTree = "<group>";
			versionGroupType = wrapper.xcdatamodel;
		};
/* End XCVersionGroup section */
	};
	rootObject = F2F5C6F32540928500044ED2 /* Project object */;
}
